<?xml version="1.0" encoding="UTF-8" standalone="yes" ?>
<CodeBlocks_project_file>
	<FileVersion major="1" minor="6" />
	<Project>
		<Option title="MyEasyCPP" />
		<Option pch_mode="2" />
		<Option compiler="gcc" />
		<Build>
			<Target title="Debug">
				<Option output="bin/Debug/MyEasyCPP" prefix_auto="1" extension_auto="1" />
				<Option object_output="obj/Debug/" />
				<Option type="1" />
				<Option compiler="gcc" />
				<Compiler>
					<Add option="-g" />
					<Add directory="../TheCompilerFramework" />
					<Add directory="../TheCompilerFramework/include" />
				</Compiler>
				<Linker>
					<Add library="..\TheCompilerFramework\bin\Debug\libCompilerFrameworkInCPP.a" />
					<Add directory="../TheCompilerFramework" />
					<Add directory="../TheCompilerFramework/bin" />
				</Linker>
			</Target>
			<Target title="Release">
				<Option output="bin/Release/MyEasyCPP" prefix_auto="1" extension_auto="1" />
				<Option object_output="obj/Release/" />
				<Option type="1" />
				<Option compiler="gcc" />
				<Compiler>
					<Add option="-O2" />
				</Compiler>
				<Linker>
					<Add option="-s" />
				</Linker>
			</Target>
		</Build>
		<Compiler>
			<Add option="-Wall" />
			<Add option="-fexceptions" />
		</Compiler>
		<Unit filename="BNF.txt" />
		<Unit filename="MyLexer.hpp" />
		<Unit filename="Notebook_Oct_04_2015.txt" />
		<Unit filename="Notebook_Oct_05_2015.rtf" />
		<Unit filename="Notebook_Oct_08_2015.txt" />
		<Unit filename="Notebook_Oct_09_2015.txt" />
		<Unit filename="Notebook_Oct_10_2015.txt" />
		<Unit filename="Notebook_Oct_14_2015.txt" />
		<Unit filename="Notebook_Oct_15_2015.txt" />
		<Unit filename="Notebook_Oct_17_2015.txt" />
		<Unit filename="Notebook_Sep_10_2015.txt" />
		<Unit filename="Notebook_Sep_11_2015.txt" />
		<Unit filename="Notebook_Sep_12_2015.txt" />
		<Unit filename="Notebook_Sep_14_2015.txt" />
		<Unit filename="Notebook_Sep_16_2015.txt" />
		<Unit filename="Notebook_Sep_7_2015.txt" />
		<Unit filename="Notebook_Sep_9_2015.txt" />
		<Unit filename="error.h" />
		<Unit filename="main.cpp" />
		<Unit filename="playground.hpp" />
		<Unit filename="quitexception.hpp" />
		<Extensions>
			<code_completion />
			<envvars />
			<debugger />
			<lib_finder disable_auto="1" />
		</Extensions>
	</Project>
</CodeBlocks_project_file>
